PODS:
  - Anchorage (4.3.1)
  - TTGSnackbar (1.9.0)

DEPENDENCIES:
  - Anchorage
  - TTGSnackbar

SPEC REPOS:
  https://github.com/CocoaPods/Specs.git:
    - TTGSnackbar
  trunk:
    - Anchorage

SPEC CHECKSUMS:
  Anchorage: a187da0bc9b07440637d42c8744b8c82a4490295
  TTGSnackbar: 7408a90b9739d296b933804287dd3ef6dadf2725

PODFILE CHECKSUM: 532848c95f5304115b8d1289add76563105b8350

COCOAPODS: 1.9.3
