PODS:
  - Anchorage (4.4.0)
  - ReachabilitySwift (5.0.0)
  - TTGSnackbar (1.10.3)

DEPENDENCIES:
  - Anchorage (= 4.4.0)
  - ReachabilitySwift (= 5.0.0)
  - TTGSnackbar (= 1.10.3)

SPEC REPOS:
  https://github.com/CocoaPods/Specs.git:
    - Anchorage
    - ReachabilitySwift
    - TTGSnackbar

SPEC CHECKSUMS:
  Anchorage: d7f02c4f9425b537053237aab11ae97e59b55f36
  ReachabilitySwift: 985039c6f7b23a1da463388634119492ff86c825
  TTGSnackbar: 97c033600de8a9c8f4a093f25a08543a03946bcc

PODFILE CHECKSUM: 39c1bfde5166bcfa7aeaff055c528cea0caffbe9

COCOAPODS: 1.9.3
